// !$*UTF8*$!
{
	archiveVersion = 1;
	classes = {
	};
	objectVersion = 46;
	objects = {

/* Begin PBXBuildFile section */
		3FBCEC851A2F64A200091BF3 /* FBShimmeringLayer.m in Sources */ = {isa = PBXBuildFile; fileRef = 3FBCEC681A2F64A200091BF3 /* FBShimmeringLayer.m */; };
		3FBCEC861A2F64A200091BF3 /* FBShimmeringView.m in Sources */ = {isa = PBXBuildFile; fileRef = 3FBCEC6A1A2F64A200091BF3 /* FBShimmeringView.m */; };
		3FBCEC871A2F64A200091BF3 /* _FBTweakBindObserver.m in Sources */ = {isa = PBXBuildFile; fileRef = 3FBCEC6D1A2F64A200091BF3 /* _FBTweakBindObserver.m */; };
		3FBCEC881A2F64A200091BF3 /* _FBTweakCategoryViewController.m in Sources */ = {isa = PBXBuildFile; fileRef = 3FBCEC6F1A2F64A200091BF3 /* _FBTweakCategoryViewController.m */; };
		3FBCEC891A2F64A200091BF3 /* _FBTweakCollectionViewController.m in Sources */ = {isa = PBXBuildFile; fileRef = 3FBCEC711A2F64A200091BF3 /* _FBTweakCollectionViewController.m */; };
		3FBCEC8A1A2F64A200091BF3 /* _FBTweakTableViewCell.m in Sources */ = {isa = PBXBuildFile; fileRef = 3FBCEC731A2F64A200091BF3 /* _FBTweakTableViewCell.m */; };
		3FBCEC8B1A2F64A200091BF3 /* FBTweak.m in Sources */ = {isa = PBXBuildFile; fileRef = 3FBCEC761A2F64A200091BF3 /* FBTweak.m */; };
		3FBCEC8C1A2F64A200091BF3 /* FBTweakCategory.m in Sources */ = {isa = PBXBuildFile; fileRef = 3FBCEC781A2F64A200091BF3 /* FBTweakCategory.m */; };
		3FBCEC8D1A2F64A200091BF3 /* FBTweakCollection.m in Sources */ = {isa = PBXBuildFile; fileRef = 3FBCEC7A1A2F64A200091BF3 /* FBTweakCollection.m */; };
		3FBCEC8E1A2F64A200091BF3 /* FBTweakInline.m in Sources */ = {isa = PBXBuildFile; fileRef = 3FBCEC7D1A2F64A200091BF3 /* FBTweakInline.m */; };
		3FBCEC8F1A2F64A200091BF3 /* FBTweakShakeWindow.m in Sources */ = {isa = PBXBuildFile; fileRef = 3FBCEC801A2F64A200091BF3 /* FBTweakShakeWindow.m */; };
		3FBCEC901A2F64A200091BF3 /* FBTweakStore.m in Sources */ = {isa = PBXBuildFile; fileRef = 3FBCEC821A2F64A200091BF3 /* FBTweakStore.m */; };
		3FBCEC911A2F64A200091BF3 /* FBTweakViewController.m in Sources */ = {isa = PBXBuildFile; fileRef = 3FBCEC841A2F64A200091BF3 /* FBTweakViewController.m */; };
		3FCBEF771A2F6190002C830B /* main.m in Sources */ = {isa = PBXBuildFile; fileRef = 3FCBEF761A2F6190002C830B /* main.m */; };
		3FCBEF7A1A2F6190002C830B /* AppDelegate.m in Sources */ = {isa = PBXBuildFile; fileRef = 3FCBEF791A2F6190002C830B /* AppDelegate.m */; };
		3FCBEF7D1A2F6190002C830B /* ViewController.m in Sources */ = {isa = PBXBuildFile; fileRef = 3FCBEF7C1A2F6190002C830B /* ViewController.m */; };
		3FCBEF801A2F6190002C830B /* Main.storyboard in Resources */ = {isa = PBXBuildFile; fileRef = 3FCBEF7E1A2F6190002C830B /* Main.storyboard */; };
		3FCBEF821A2F6190002C830B /* Images.xcassets in Resources */ = {isa = PBXBuildFile; fileRef = 3FCBEF811A2F6190002C830B /* Images.xcassets */; };
		3FCBEF851A2F6190002C830B /* LaunchScreen.xib in Resources */ = {isa = PBXBuildFile; fileRef = 3FCBEF831A2F6190002C830B /* LaunchScreen.xib */; };
		3FCBEF911A2F6191002C830B /* WeStepTests.m in Sources */ = {isa = PBXBuildFile; fileRef = 3FCBEF901A2F6191002C830B /* WeStepTests.m */; };
		95E69B3212097EB87E38E870 /* libPods.a in Frameworks */ = {isa = PBXBuildFile; fileRef = 5517804A7A3485C427CF606A /* libPods.a */; };
/* End PBXBuildFile section */

/* Begin PBXContainerItemProxy section */
		3FCBEF8B1A2F6191002C830B /* PBXContainerItemProxy */ = {
			isa = PBXContainerItemProxy;
			containerPortal = 3FCBEF691A2F6190002C830B /* Project object */;
			proxyType = 1;
			remoteGlobalIDString = 3FCBEF701A2F6190002C830B;
			remoteInfo = WeStep;
		};
/* End PBXContainerItemProxy section */

/* Begin PBXFileReference section */
		1CB4B1E8F3B4496952676A70 /* Pods.debug.xcconfig */ = {isa = PBXFileReference; includeInIndex = 1; lastKnownFileType = text.xcconfig; name = Pods.debug.xcconfig; path = "Pods/Target Support Files/Pods/Pods.debug.xcconfig"; sourceTree = "<group>"; };
		3FBCEC651A2F64A200091BF3 /* FBShimmering-Prefix.pch */ = {isa = PBXFileReference; fileEncoding = 4; lastKnownFileType = sourcecode.c.h; path = "FBShimmering-Prefix.pch"; sourceTree = "<group>"; };
		3FBCEC661A2F64A200091BF3 /* FBShimmering.h */ = {isa = PBXFileReference; fileEncoding = 4; lastKnownFileType = sourcecode.c.h; path = FBShimmering.h; sourceTree = "<group>"; };
		3FBCEC671A2F64A200091BF3 /* FBShimmeringLayer.h */ = {isa = PBXFileReference; fileEncoding = 4; lastKnownFileType = sourcecode.c.h; path = FBShimmeringLayer.h; sourceTree = "<group>"; };
		3FBCEC681A2F64A200091BF3 /* FBShimmeringLayer.m */ = {isa = PBXFileReference; fileEncoding = 4; lastKnownFileType = sourcecode.c.objc; path = FBShimmeringLayer.m; sourceTree = "<group>"; };
		3FBCEC691A2F64A200091BF3 /* FBShimmeringView.h */ = {isa = PBXFileReference; fileEncoding = 4; lastKnownFileType = sourcecode.c.h; path = FBShimmeringView.h; sourceTree = "<group>"; };
		3FBCEC6A1A2F64A200091BF3 /* FBShimmeringView.m */ = {isa = PBXFileReference; fileEncoding = 4; lastKnownFileType = sourcecode.c.objc; path = FBShimmeringView.m; sourceTree = "<group>"; };
		3FBCEC6C1A2F64A200091BF3 /* _FBTweakBindObserver.h */ = {isa = PBXFileReference; fileEncoding = 4; lastKnownFileType = sourcecode.c.h; path = _FBTweakBindObserver.h; sourceTree = "<group>"; };
		3FBCEC6D1A2F64A200091BF3 /* _FBTweakBindObserver.m */ = {isa = PBXFileReference; fileEncoding = 4; lastKnownFileType = sourcecode.c.objc; path = _FBTweakBindObserver.m; sourceTree = "<group>"; };
		3FBCEC6E1A2F64A200091BF3 /* _FBTweakCategoryViewController.h */ = {isa = PBXFileReference; fileEncoding = 4; lastKnownFileType = sourcecode.c.h; path = _FBTweakCategoryViewController.h; sourceTree = "<group>"; };
		3FBCEC6F1A2F64A200091BF3 /* _FBTweakCategoryViewController.m */ = {isa = PBXFileReference; fileEncoding = 4; lastKnownFileType = sourcecode.c.objc; path = _FBTweakCategoryViewController.m; sourceTree = "<group>"; };
		3FBCEC701A2F64A200091BF3 /* _FBTweakCollectionViewController.h */ = {isa = PBXFileReference; fileEncoding = 4; lastKnownFileType = sourcecode.c.h; path = _FBTweakCollectionViewController.h; sourceTree = "<group>"; };
		3FBCEC711A2F64A200091BF3 /* _FBTweakCollectionViewController.m */ = {isa = PBXFileReference; fileEncoding = 4; lastKnownFileType = sourcecode.c.objc; path = _FBTweakCollectionViewController.m; sourceTree = "<group>"; };
		3FBCEC721A2F64A200091BF3 /* _FBTweakTableViewCell.h */ = {isa = PBXFileReference; fileEncoding = 4; lastKnownFileType = sourcecode.c.h; path = _FBTweakTableViewCell.h; sourceTree = "<group>"; };
		3FBCEC731A2F64A200091BF3 /* _FBTweakTableViewCell.m */ = {isa = PBXFileReference; fileEncoding = 4; lastKnownFileType = sourcecode.c.objc; path = _FBTweakTableViewCell.m; sourceTree = "<group>"; };
		3FBCEC741A2F64A200091BF3 /* FBTweak-Prefix.pch */ = {isa = PBXFileReference; fileEncoding = 4; lastKnownFileType = sourcecode.c.h; path = "FBTweak-Prefix.pch"; sourceTree = "<group>"; };
		3FBCEC751A2F64A200091BF3 /* FBTweak.h */ = {isa = PBXFileReference; fileEncoding = 4; lastKnownFileType = sourcecode.c.h; path = FBTweak.h; sourceTree = "<group>"; };
		3FBCEC761A2F64A200091BF3 /* FBTweak.m */ = {isa = PBXFileReference; fileEncoding = 4; lastKnownFileType = sourcecode.c.objc; path = FBTweak.m; sourceTree = "<group>"; };
		3FBCEC771A2F64A200091BF3 /* FBTweakCategory.h */ = {isa = PBXFileReference; fileEncoding = 4; lastKnownFileType = sourcecode.c.h; path = FBTweakCategory.h; sourceTree = "<group>"; };
		3FBCEC781A2F64A200091BF3 /* FBTweakCategory.m */ = {isa = PBXFileReference; fileEncoding = 4; lastKnownFileType = sourcecode.c.objc; path = FBTweakCategory.m; sourceTree = "<group>"; };
		3FBCEC791A2F64A200091BF3 /* FBTweakCollection.h */ = {isa = PBXFileReference; fileEncoding = 4; lastKnownFileType = sourcecode.c.h; path = FBTweakCollection.h; sourceTree = "<group>"; };
		3FBCEC7A1A2F64A200091BF3 /* FBTweakCollection.m */ = {isa = PBXFileReference; fileEncoding = 4; lastKnownFileType = sourcecode.c.objc; path = FBTweakCollection.m; sourceTree = "<group>"; };
		3FBCEC7B1A2F64A200091BF3 /* FBTweakEnabled.h */ = {isa = PBXFileReference; fileEncoding = 4; lastKnownFileType = sourcecode.c.h; path = FBTweakEnabled.h; sourceTree = "<group>"; };
		3FBCEC7C1A2F64A200091BF3 /* FBTweakInline.h */ = {isa = PBXFileReference; fileEncoding = 4; lastKnownFileType = sourcecode.c.h; path = FBTweakInline.h; sourceTree = "<group>"; };
		3FBCEC7D1A2F64A200091BF3 /* FBTweakInline.m */ = {isa = PBXFileReference; fileEncoding = 4; lastKnownFileType = sourcecode.c.objc; path = FBTweakInline.m; sourceTree = "<group>"; };
		3FBCEC7E1A2F64A200091BF3 /* FBTweakInlineInternal.h */ = {isa = PBXFileReference; fileEncoding = 4; lastKnownFileType = sourcecode.c.h; path = FBTweakInlineInternal.h; sourceTree = "<group>"; };
		3FBCEC7F1A2F64A200091BF3 /* FBTweakShakeWindow.h */ = {isa = PBXFileReference; fileEncoding = 4; lastKnownFileType = sourcecode.c.h; path = FBTweakShakeWindow.h; sourceTree = "<group>"; };
		3FBCEC801A2F64A200091BF3 /* FBTweakShakeWindow.m */ = {isa = PBXFileReference; fileEncoding = 4; lastKnownFileType = sourcecode.c.objc; path = FBTweakShakeWindow.m; sourceTree = "<group>"; };
		3FBCEC811A2F64A200091BF3 /* FBTweakStore.h */ = {isa = PBXFileReference; fileEncoding = 4; lastKnownFileType = sourcecode.c.h; path = FBTweakStore.h; sourceTree = "<group>"; };
		3FBCEC821A2F64A200091BF3 /* FBTweakStore.m */ = {isa = PBXFileReference; fileEncoding = 4; lastKnownFileType = sourcecode.c.objc; path = FBTweakStore.m; sourceTree = "<group>"; };
		3FBCEC831A2F64A200091BF3 /* FBTweakViewController.h */ = {isa = PBXFileReference; fileEncoding = 4; lastKnownFileType = sourcecode.c.h; path = FBTweakViewController.h; sourceTree = "<group>"; };
		3FBCEC841A2F64A200091BF3 /* FBTweakViewController.m */ = {isa = PBXFileReference; fileEncoding = 4; lastKnownFileType = sourcecode.c.objc; path = FBTweakViewController.m; sourceTree = "<group>"; };
		3FCBEF711A2F6190002C830B /* WeStep.app */ = {isa = PBXFileReference; explicitFileType = wrapper.application; includeInIndex = 0; path = WeStep.app; sourceTree = BUILT_PRODUCTS_DIR; };
		3FCBEF751A2F6190002C830B /* Info.plist */ = {isa = PBXFileReference; lastKnownFileType = text.plist.xml; path = Info.plist; sourceTree = "<group>"; };
		3FCBEF761A2F6190002C830B /* main.m */ = {isa = PBXFileReference; lastKnownFileType = sourcecode.c.objc; path = main.m; sourceTree = "<group>"; };
		3FCBEF781A2F6190002C830B /* AppDelegate.h */ = {isa = PBXFileReference; lastKnownFileType = sourcecode.c.h; path = AppDelegate.h; sourceTree = "<group>"; };
		3FCBEF791A2F6190002C830B /* AppDelegate.m */ = {isa = PBXFileReference; lastKnownFileType = sourcecode.c.objc; path = AppDelegate.m; sourceTree = "<group>"; };
		3FCBEF7B1A2F6190002C830B /* ViewController.h */ = {isa = PBXFileReference; lastKnownFileType = sourcecode.c.h; path = ViewController.h; sourceTree = "<group>"; };
		3FCBEF7C1A2F6190002C830B /* ViewController.m */ = {isa = PBXFileReference; lastKnownFileType = sourcecode.c.objc; path = ViewController.m; sourceTree = "<group>"; };
		3FCBEF7F1A2F6190002C830B /* Base */ = {isa = PBXFileReference; lastKnownFileType = file.storyboard; name = Base; path = Base.lproj/Main.storyboard; sourceTree = "<group>"; };
		3FCBEF811A2F6190002C830B /* Images.xcassets */ = {isa = PBXFileReference; lastKnownFileType = folder.assetcatalog; path = Images.xcassets; sourceTree = "<group>"; };
		3FCBEF841A2F6190002C830B /* Base */ = {isa = PBXFileReference; lastKnownFileType = file.xib; name = Base; path = Base.lproj/LaunchScreen.xib; sourceTree = "<group>"; };
		3FCBEF8A1A2F6191002C830B /* WeStepTests.xctest */ = {isa = PBXFileReference; explicitFileType = wrapper.cfbundle; includeInIndex = 0; path = WeStepTests.xctest; sourceTree = BUILT_PRODUCTS_DIR; };
		3FCBEF8F1A2F6191002C830B /* Info.plist */ = {isa = PBXFileReference; lastKnownFileType = text.plist.xml; path = Info.plist; sourceTree = "<group>"; };
		3FCBEF901A2F6191002C830B /* WeStepTests.m */ = {isa = PBXFileReference; lastKnownFileType = sourcecode.c.objc; path = WeStepTests.m; sourceTree = "<group>"; };
		5517804A7A3485C427CF606A /* libPods.a */ = {isa = PBXFileReference; explicitFileType = archive.ar; includeInIndex = 0; path = libPods.a; sourceTree = BUILT_PRODUCTS_DIR; };
		8763B5DD37911A8673421894 /* Pods.release.xcconfig */ = {isa = PBXFileReference; includeInIndex = 1; lastKnownFileType = text.xcconfig; name = Pods.release.xcconfig; path = "Pods/Target Support Files/Pods/Pods.release.xcconfig"; sourceTree = "<group>"; };
/* End PBXFileReference section */

/* Begin PBXFrameworksBuildPhase section */
		3FCBEF6E1A2F6190002C830B /* Frameworks */ = {
			isa = PBXFrameworksBuildPhase;
			buildActionMask = 2147483647;
			files = (
				95E69B3212097EB87E38E870 /* libPods.a in Frameworks */,
			);
			runOnlyForDeploymentPostprocessing = 0;
		};
		3FCBEF871A2F6191002C830B /* Frameworks */ = {
			isa = PBXFrameworksBuildPhase;
			buildActionMask = 2147483647;
			files = (
			);
			runOnlyForDeploymentPostprocessing = 0;
		};
/* End PBXFrameworksBuildPhase section */

/* Begin PBXGroup section */
		3FBCEC631A2F64A200091BF3 /* OpenSource */ = {
			isa = PBXGroup;
			children = (
				3FBCEC641A2F64A200091BF3 /* FBShimmering */,
				3FBCEC6B1A2F64A200091BF3 /* FBTweak */,
			);
			path = OpenSource;
			sourceTree = "<group>";
		};
		3FBCEC641A2F64A200091BF3 /* FBShimmering */ = {
			isa = PBXGroup;
			children = (
				3FBCEC651A2F64A200091BF3 /* FBShimmering-Prefix.pch */,
				3FBCEC661A2F64A200091BF3 /* FBShimmering.h */,
				3FBCEC671A2F64A200091BF3 /* FBShimmeringLayer.h */,
				3FBCEC681A2F64A200091BF3 /* FBShimmeringLayer.m */,
				3FBCEC691A2F64A200091BF3 /* FBShimmeringView.h */,
				3FBCEC6A1A2F64A200091BF3 /* FBShimmeringView.m */,
			);
			path = FBShimmering;
			sourceTree = "<group>";
		};
		3FBCEC6B1A2F64A200091BF3 /* FBTweak */ = {
			isa = PBXGroup;
			children = (
				3FBCEC6C1A2F64A200091BF3 /* _FBTweakBindObserver.h */,
				3FBCEC6D1A2F64A200091BF3 /* _FBTweakBindObserver.m */,
				3FBCEC6E1A2F64A200091BF3 /* _FBTweakCategoryViewController.h */,
				3FBCEC6F1A2F64A200091BF3 /* _FBTweakCategoryViewController.m */,
				3FBCEC701A2F64A200091BF3 /* _FBTweakCollectionViewController.h */,
				3FBCEC711A2F64A200091BF3 /* _FBTweakCollectionViewController.m */,
				3FBCEC721A2F64A200091BF3 /* _FBTweakTableViewCell.h */,
				3FBCEC731A2F64A200091BF3 /* _FBTweakTableViewCell.m */,
				3FBCEC741A2F64A200091BF3 /* FBTweak-Prefix.pch */,
				3FBCEC751A2F64A200091BF3 /* FBTweak.h */,
				3FBCEC761A2F64A200091BF3 /* FBTweak.m */,
				3FBCEC771A2F64A200091BF3 /* FBTweakCategory.h */,
				3FBCEC781A2F64A200091BF3 /* FBTweakCategory.m */,
				3FBCEC791A2F64A200091BF3 /* FBTweakCollection.h */,
				3FBCEC7A1A2F64A200091BF3 /* FBTweakCollection.m */,
				3FBCEC7B1A2F64A200091BF3 /* FBTweakEnabled.h */,
				3FBCEC7C1A2F64A200091BF3 /* FBTweakInline.h */,
				3FBCEC7D1A2F64A200091BF3 /* FBTweakInline.m */,
				3FBCEC7E1A2F64A200091BF3 /* FBTweakInlineInternal.h */,
				3FBCEC7F1A2F64A200091BF3 /* FBTweakShakeWindow.h */,
				3FBCEC801A2F64A200091BF3 /* FBTweakShakeWindow.m */,
				3FBCEC811A2F64A200091BF3 /* FBTweakStore.h */,
				3FBCEC821A2F64A200091BF3 /* FBTweakStore.m */,
				3FBCEC831A2F64A200091BF3 /* FBTweakViewController.h */,
				3FBCEC841A2F64A200091BF3 /* FBTweakViewController.m */,
			);
			path = FBTweak;
			sourceTree = "<group>";
		};
		3FCBEF681A2F6190002C830B = {
			isa = PBXGroup;
			children = (
				3FCBEF731A2F6190002C830B /* WeStep */,
				3FCBEF8D1A2F6191002C830B /* WeStepTests */,
				3FCBEF721A2F6190002C830B /* Products */,
				8D8A6BCA6494653F9E5CA911 /* Pods */,
				86239C6E2AE2ACC8DB5ADE13 /* Frameworks */,
			);
			sourceTree = "<group>";
		};
		3FCBEF721A2F6190002C830B /* Products */ = {
			isa = PBXGroup;
			children = (
				3FCBEF711A2F6190002C830B /* WeStep.app */,
				3FCBEF8A1A2F6191002C830B /* WeStepTests.xctest */,
			);
			name = Products;
			sourceTree = "<group>";
		};
		3FCBEF731A2F6190002C830B /* WeStep */ = {
			isa = PBXGroup;
			children = (
				3FCBEF781A2F6190002C830B /* AppDelegate.h */,
				3FCBEF791A2F6190002C830B /* AppDelegate.m */,
				3FCBEF7B1A2F6190002C830B /* ViewController.h */,
				3FCBEF7C1A2F6190002C830B /* ViewController.m */,
				3FCBEF7E1A2F6190002C830B /* Main.storyboard */,
				3FCBEF811A2F6190002C830B /* Images.xcassets */,
				3FCBEF831A2F6190002C830B /* LaunchScreen.xib */,
				3FCBEF741A2F6190002C830B /* Supporting Files */,
			);
			path = WeStep;
			sourceTree = "<group>";
		};
		3FCBEF741A2F6190002C830B /* Supporting Files */ = {
			isa = PBXGroup;
			children = (
				3FBCEC631A2F64A200091BF3 /* OpenSource */,
				3FCBEF751A2F6190002C830B /* Info.plist */,
				3FCBEF761A2F6190002C830B /* main.m */,
			);
			name = "Supporting Files";
			sourceTree = "<group>";
		};
		3FCBEF8D1A2F6191002C830B /* WeStepTests */ = {
			isa = PBXGroup;
			children = (
				3FCBEF901A2F6191002C830B /* WeStepTests.m */,
				3FCBEF8E1A2F6191002C830B /* Supporting Files */,
			);
			path = WeStepTests;
			sourceTree = "<group>";
		};
		3FCBEF8E1A2F6191002C830B /* Supporting Files */ = {
			isa = PBXGroup;
			children = (
				3FCBEF8F1A2F6191002C830B /* Info.plist */,
			);
			name = "Supporting Files";
			sourceTree = "<group>";
		};
		86239C6E2AE2ACC8DB5ADE13 /* Frameworks */ = {
			isa = PBXGroup;
			children = (
				5517804A7A3485C427CF606A /* libPods.a */,
			);
			name = Frameworks;
			sourceTree = "<group>";
		};
		8D8A6BCA6494653F9E5CA911 /* Pods */ = {
			isa = PBXGroup;
			children = (
				1CB4B1E8F3B4496952676A70 /* Pods.debug.xcconfig */,
				8763B5DD37911A8673421894 /* Pods.release.xcconfig */,
			);
			name = Pods;
			sourceTree = "<group>";
		};
/* End PBXGroup section */

/* Begin PBXNativeTarget section */
		3FCBEF701A2F6190002C830B /* WeStep */ = {
			isa = PBXNativeTarget;
			buildConfigurationList = 3FCBEF941A2F6191002C830B /* Build configuration list for PBXNativeTarget "WeStep" */;
			buildPhases = (
				F3D914C5224AC58DF5FA23D6 /* Check Pods Manifest.lock */,
				3FCBEF6D1A2F6190002C830B /* Sources */,
				3FCBEF6E1A2F6190002C830B /* Frameworks */,
				3FCBEF6F1A2F6190002C830B /* Resources */,
				49064DE88850385DDACE41C8 /* Copy Pods Resources */,
			);
			buildRules = (
			);
			dependencies = (
			);
			name = WeStep;
			productName = WeStep;
			productReference = 3FCBEF711A2F6190002C830B /* WeStep.app */;
			productType = "com.apple.product-type.application";
		};
		3FCBEF891A2F6191002C830B /* WeStepTests */ = {
			isa = PBXNativeTarget;
			buildConfigurationList = 3FCBEF971A2F6191002C830B /* Build configuration list for PBXNativeTarget "WeStepTests" */;
			buildPhases = (
				3FCBEF861A2F6191002C830B /* Sources */,
				3FCBEF871A2F6191002C830B /* Frameworks */,
				3FCBEF881A2F6191002C830B /* Resources */,
			);
			buildRules = (
			);
			dependencies = (
				3FCBEF8C1A2F6191002C830B /* PBXTargetDependency */,
			);
			name = WeStepTests;
			productName = WeStepTests;
			productReference = 3FCBEF8A1A2F6191002C830B /* WeStepTests.xctest */;
			productType = "com.apple.product-type.bundle.unit-test";
		};
/* End PBXNativeTarget section */

/* Begin PBXProject section */
		3FCBEF691A2F6190002C830B /* Project object */ = {
			isa = PBXProject;
			attributes = {
				LastUpgradeCheck = 0610;
				ORGANIZATIONNAME = "WeStep, Inc.";
				TargetAttributes = {
					3FCBEF701A2F6190002C830B = {
						CreatedOnToolsVersion = 6.1;
					};
					3FCBEF891A2F6191002C830B = {
						CreatedOnToolsVersion = 6.1;
						TestTargetID = 3FCBEF701A2F6190002C830B;
					};
				};
			};
			buildConfigurationList = 3FCBEF6C1A2F6190002C830B /* Build configuration list for PBXProject "WeStep" */;
			compatibilityVersion = "Xcode 3.2";
			developmentRegion = English;
			hasScannedForEncodings = 0;
			knownRegions = (
				en,
				Base,
			);
			mainGroup = 3FCBEF681A2F6190002C830B;
			productRefGroup = 3FCBEF721A2F6190002C830B /* Products */;
			projectDirPath = "";
			projectRoot = "";
			targets = (
				3FCBEF701A2F6190002C830B /* WeStep */,
				3FCBEF891A2F6191002C830B /* WeStepTests */,
			);
		};
/* End PBXProject section */

/* Begin PBXResourcesBuildPhase section */
		3FCBEF6F1A2F6190002C830B /* Resources */ = {
			isa = PBXResourcesBuildPhase;
			buildActionMask = 2147483647;
			files = (
				3FCBEF801A2F6190002C830B /* Main.storyboard in Resources */,
				3FCBEF851A2F6190002C830B /* LaunchScreen.xib in Resources */,
				3FCBEF821A2F6190002C830B /* Images.xcassets in Resources */,
			);
			runOnlyForDeploymentPostprocessing = 0;
		};
		3FCBEF881A2F6191002C830B /* Resources */ = {
			isa = PBXResourcesBuildPhase;
			buildActionMask = 2147483647;
			files = (
			);
			runOnlyForDeploymentPostprocessing = 0;
		};
/* End PBXResourcesBuildPhase section */

/* Begin PBXShellScriptBuildPhase section */
		49064DE88850385DDACE41C8 /* Copy Pods Resources */ = {
			isa = PBXShellScriptBuildPhase;
			buildActionMask = 2147483647;
			files = (
			);
			inputPaths = (
			);
			name = "Copy Pods Resources";
			outputPaths = (
			);
			runOnlyForDeploymentPostprocessing = 0;
			shellPath = /bin/sh;
			shellScript = "\"${SRCROOT}/Pods/Target Support Files/Pods/Pods-resources.sh\"\n";
			showEnvVarsInLog = 0;
		};
		F3D914C5224AC58DF5FA23D6 /* Check Pods Manifest.lock */ = {
			isa = PBXShellScriptBuildPhase;
			buildActionMask = 2147483647;
			files = (
			);
			inputPaths = (
			);
			name = "Check Pods Manifest.lock";
			outputPaths = (
			);
			runOnlyForDeploymentPostprocessing = 0;
			shellPath = /bin/sh;
			shellScript = "diff \"${PODS_ROOT}/../Podfile.lock\" \"${PODS_ROOT}/Manifest.lock\" > /dev/null\nif [[ $? != 0 ]] ; then\n    cat << EOM\nerror: The sandbox is not in sync with the Podfile.lock. Run 'pod install' or update your CocoaPods installation.\nEOM\n    exit 1\nfi\n";
			showEnvVarsInLog = 0;
		};
/* End PBXShellScriptBuildPhase section */

/* Begin PBXSourcesBuildPhase section */
		3FCBEF6D1A2F6190002C830B /* Sources */ = {
			isa = PBXSourcesBuildPhase;
			buildActionMask = 2147483647;
			files = (
				3FBCEC8B1A2F64A200091BF3 /* FBTweak.m in Sources */,
				3FBCEC8F1A2F64A200091BF3 /* FBTweakShakeWindow.m in Sources */,
				3FCBEF7D1A2F6190002C830B /* ViewController.m in Sources */,
				3FBCEC8D1A2F64A200091BF3 /* FBTweakCollection.m in Sources */,
				3FBCEC871A2F64A200091BF3 /* _FBTweakBindObserver.m in Sources */,
				3FBCEC911A2F64A200091BF3 /* FBTweakViewController.m in Sources */,
				3FBCEC901A2F64A200091BF3 /* FBTweakStore.m in Sources */,
				3FBCEC8C1A2F64A200091BF3 /* FBTweakCategory.m in Sources */,
				3FCBEF7A1A2F6190002C830B /* AppDelegate.m in Sources */,
				3FBCEC851A2F64A200091BF3 /* FBShimmeringLayer.m in Sources */,
				3FBCEC8E1A2F64A200091BF3 /* FBTweakInline.m in Sources */,
				3FBCEC861A2F64A200091BF3 /* FBShimmeringView.m in Sources */,
				3FBCEC8A1A2F64A200091BF3 /* _FBTweakTableViewCell.m in Sources */,
				3FCBEF771A2F6190002C830B /* main.m in Sources */,
				3FBCEC881A2F64A200091BF3 /* _FBTweakCategoryViewController.m in Sources */,
				3FBCEC891A2F64A200091BF3 /* _FBTweakCollectionViewController.m in Sources */,
			);
			runOnlyForDeploymentPostprocessing = 0;
		};
		3FCBEF861A2F6191002C830B /* Sources */ = {
			isa = PBXSourcesBuildPhase;
			buildActionMask = 2147483647;
			files = (
				3FCBEF911A2F6191002C830B /* WeStepTests.m in Sources */,
			);
			runOnlyForDeploymentPostprocessing = 0;
		};
/* End PBXSourcesBuildPhase section */

/* Begin PBXTargetDependency section */
		3FCBEF8C1A2F6191002C830B /* PBXTargetDependency */ = {
			isa = PBXTargetDependency;
			target = 3FCBEF701A2F6190002C830B /* WeStep */;
			targetProxy = 3FCBEF8B1A2F6191002C830B /* PBXContainerItemProxy */;
		};
/* End PBXTargetDependency section */

/* Begin PBXVariantGroup section */
		3FCBEF7E1A2F6190002C830B /* Main.storyboard */ = {
			isa = PBXVariantGroup;
			children = (
				3FCBEF7F1A2F6190002C830B /* Base */,
			);
			name = Main.storyboard;
			sourceTree = "<group>";
		};
		3FCBEF831A2F6190002C830B /* LaunchScreen.xib */ = {
			isa = PBXVariantGroup;
			children = (
				3FCBEF841A2F6190002C830B /* Base */,
			);
			name = LaunchScreen.xib;
			sourceTree = "<group>";
		};
/* End PBXVariantGroup section */

/* Begin XCBuildConfiguration section */
		3FCBEF921A2F6191002C830B /* Debug */ = {
			isa = XCBuildConfiguration;
			buildSettings = {
				ALWAYS_SEARCH_USER_PATHS = NO;
				CLANG_CXX_LANGUAGE_STANDARD = "gnu++0x";
				CLANG_CXX_LIBRARY = "libc++";
				CLANG_ENABLE_MODULES = YES;
				CLANG_ENABLE_OBJC_ARC = YES;
				CLANG_WARN_BOOL_CONVERSION = YES;
				CLANG_WARN_CONSTANT_CONVERSION = YES;
				CLANG_WARN_DIRECT_OBJC_ISA_USAGE = YES_ERROR;
				CLANG_WARN_EMPTY_BODY = YES;
				CLANG_WARN_ENUM_CONVERSION = YES;
				CLANG_WARN_INT_CONVERSION = YES;
				CLANG_WARN_OBJC_ROOT_CLASS = YES_ERROR;
				CLANG_WARN_UNREACHABLE_CODE = YES;
				CLANG_WARN__DUPLICATE_METHOD_MATCH = YES;
				"CODE_SIGN_IDENTITY[sdk=iphoneos*]" = "iPhone Developer";
				COPY_PHASE_STRIP = NO;
				ENABLE_STRICT_OBJC_MSGSEND = YES;
				GCC_C_LANGUAGE_STANDARD = gnu99;
				GCC_DYNAMIC_NO_PIC = NO;
				GCC_OPTIMIZATION_LEVEL = 0;
				GCC_PREPROCESSOR_DEFINITIONS = (
					"DEBUG=1",
					"$(inherited)",
				);
				GCC_SYMBOLS_PRIVATE_EXTERN = NO;
				GCC_WARN_64_TO_32_BIT_CONVERSION = YES;
				GCC_WARN_ABOUT_RETURN_TYPE = YES_ERROR;
				GCC_WARN_UNDECLARED_SELECTOR = YES;
				GCC_WARN_UNINITIALIZED_AUTOS = YES_AGGRESSIVE;
				GCC_WARN_UNUSED_FUNCTION = YES;
				GCC_WARN_UNUSED_VARIABLE = YES;
				IPHONEOS_DEPLOYMENT_TARGET = 8.1;
				MTL_ENABLE_DEBUG_INFO = YES;
				ONLY_ACTIVE_ARCH = YES;
				SDKROOT = iphoneos;
			};
			name = Debug;
		};
		3FCBEF931A2F6191002C830B /* Release */ = {
			isa = XCBuildConfiguration;
			buildSettings = {
				ALWAYS_SEARCH_USER_PATHS = NO;
				CLANG_CXX_LANGUAGE_STANDARD = "gnu++0x";
				CLANG_CXX_LIBRARY = "libc++";
				CLANG_ENABLE_MODULES = YES;
				CLANG_ENABLE_OBJC_ARC = YES;
				CLANG_WARN_BOOL_CONVERSION = YES;
				CLANG_WARN_CONSTANT_CONVERSION = YES;
				CLANG_WARN_DIRECT_OBJC_ISA_USAGE = YES_ERROR;
				CLANG_WARN_EMPTY_BODY = YES;
				CLANG_WARN_ENUM_CONVERSION = YES;
				CLANG_WARN_INT_CONVERSION = YES;
				CLANG_WARN_OBJC_ROOT_CLASS = YES_ERROR;
				CLANG_WARN_UNREACHABLE_CODE = YES;
				CLANG_WARN__DUPLICATE_METHOD_MATCH = YES;
				"CODE_SIGN_IDENTITY[sdk=iphoneos*]" = "iPhone Developer";
				COPY_PHASE_STRIP = YES;
				ENABLE_NS_ASSERTIONS = NO;
				ENABLE_STRICT_OBJC_MSGSEND = YES;
				GCC_C_LANGUAGE_STANDARD = gnu99;
				GCC_WARN_64_TO_32_BIT_CONVERSION = YES;
				GCC_WARN_ABOUT_RETURN_TYPE = YES_ERROR;
				GCC_WARN_UNDECLARED_SELECTOR = YES;
				GCC_WARN_UNINITIALIZED_AUTOS = YES_AGGRESSIVE;
				GCC_WARN_UNUSED_FUNCTION = YES;
				GCC_WARN_UNUSED_VARIABLE = YES;
				IPHONEOS_DEPLOYMENT_TARGET = 8.1;
				MTL_ENABLE_DEBUG_INFO = NO;
				SDKROOT = iphoneos;
				VALIDATE_PRODUCT = YES;
			};
			name = Release;
		};
		3FCBEF951A2F6191002C830B /* Debug */ = {
			isa = XCBuildConfiguration;
			baseConfigurationReference = 1CB4B1E8F3B4496952676A70 /* Pods.debug.xcconfig */;
			buildSettings = {
				ASSETCATALOG_COMPILER_APPICON_NAME = AppIcon;
				INFOPLIST_FILE = WeStep/Info.plist;
				IPHONEOS_DEPLOYMENT_TARGET = 7.1;
				LD_RUNPATH_SEARCH_PATHS = "$(inherited) @executable_path/Frameworks";
				PRODUCT_NAME = "$(TARGET_NAME)";
			};
			name = Debug;
		};
		3FCBEF961A2F6191002C830B /* Release */ = {
			isa = XCBuildConfiguration;
			baseConfigurationReference = 8763B5DD37911A8673421894 /* Pods.release.xcconfig */;
			buildSettings = {
				ASSETCATALOG_COMPILER_APPICON_NAME = AppIcon;
				INFOPLIST_FILE = WeStep/Info.plist;
				IPHONEOS_DEPLOYMENT_TARGET = 7.1;
				LD_RUNPATH_SEARCH_PATHS = "$(inherited) @executable_path/Frameworks";
				PRODUCT_NAME = "$(TARGET_NAME)";
			};
			name = Release;
		};
		3FCBEF981A2F6191002C830B /* Debug */ = {
			isa = XCBuildConfiguration;
			buildSettings = {
				BUNDLE_LOADER = "$(TEST_HOST)";
				FRAMEWORK_SEARCH_PATHS = (
					"$(SDKROOT)/Developer/Library/Frameworks",
					"$(inherited)",
				);
				GCC_PREPROCESSOR_DEFINITIONS = (
					"DEBUG=1",
					"$(inherited)",
				);
				INFOPLIST_FILE = WeStepTests/Info.plist;
				LD_RUNPATH_SEARCH_PATHS = "$(inherited) @executable_path/Frameworks @loader_path/Frameworks";
				PRODUCT_NAME = "$(TARGET_NAME)";
				TEST_HOST = "$(BUILT_PRODUCTS_DIR)/WeStep.app/WeStep";
			};
			name = Debug;
		};
		3FCBEF991A2F6191002C830B /* Release */ = {
			isa = XCBuildConfiguration;
			buildSettings = {
				BUNDLE_LOADER = "$(TEST_HOST)";
				FRAMEWORK_SEARCH_PATHS = (
					"$(SDKROOT)/Developer/Library/Frameworks",
					"$(inherited)",
				);
				INFOPLIST_FILE = WeStepTests/Info.plist;
				LD_RUNPATH_SEARCH_PATHS = "$(inherited) @executable_path/Frameworks @loader_path/Frameworks";
				PRODUCT_NAME = "$(TARGET_NAME)";
				TEST_HOST = "$(BUILT_PRODUCTS_DIR)/WeStep.app/WeStep";
			};
			name = Release;
		};
/* End XCBuildConfiguration section */

/* Begin XCConfigurationList section */
		3FCBEF6C1A2F6190002C830B /* Build configuration list for PBXProject "WeStep" */ = {
			isa = XCConfigurationList;
			buildConfigurations = (
				3FCBEF921A2F6191002C830B /* Debug */,
				3FCBEF931A2F6191002C830B /* Release */,
			);
			defaultConfigurationIsVisible = 0;
			defaultConfigurationName = Release;
		};
		3FCBEF941A2F6191002C830B /* Build configuration list for PBXNativeTarget "WeStep" */ = {
			isa = XCConfigurationList;
			buildConfigurations = (
				3FCBEF951A2F6191002C830B /* Debug */,
				3FCBEF961A2F6191002C830B /* Release */,
			);
			defaultConfigurationIsVisible = 0;
			defaultConfigurationName = Release;
		};
		3FCBEF971A2F6191002C830B /* Build configuration list for PBXNativeTarget "WeStepTests" */ = {
			isa = XCConfigurationList;
			buildConfigurations = (
				3FCBEF981A2F6191002C830B /* Debug */,
				3FCBEF991A2F6191002C830B /* Release */,
			);
			defaultConfigurationIsVisible = 0;
			defaultConfigurationName = Release;
		};
/* End XCConfigurationList section */
	};
	rootObject = 3FCBEF691A2F6190002C830B /* Project object */;
}
