// !$*UTF8*$!
{
	archiveVersion = 1;
	classes = {
	};
	objectVersion = 46;
	objects = {

/* Begin PBXBuildFile section */
		3FBD42F81952D2520079731D /* AppDelegate.swift in Sources */ = {isa = PBXBuildFile; fileRef = 3FBD42F71952D2520079731D /* AppDelegate.swift */; };
		3FBD42FA1952D2520079731D /* Images.xcassets in Resources */ = {isa = PBXBuildFile; fileRef = 3FBD42F91952D2520079731D /* Images.xcassets */; };
		3FBD43061952D2520079731D /* WeStepTests.swift in Sources */ = {isa = PBXBuildFile; fileRef = 3FBD43051952D2520079731D /* WeStepTests.swift */; };
		3FBD431E1952D2B50079731D /* icon@2x.png in Resources */ = {isa = PBXBuildFile; fileRef = 3FBD43141952D2B50079731D /* icon@2x.png */; };
		3FBD431F1952D2B50079731D /* Logo.png in Resources */ = {isa = PBXBuildFile; fileRef = 3FBD43151952D2B50079731D /* Logo.png */; };
		3FBD43201952D2B50079731D /* Logo@2x.png in Resources */ = {isa = PBXBuildFile; fileRef = 3FBD43161952D2B50079731D /* Logo@2x.png */; };
		3FBD43211952D2B50079731D /* Window Background.png in Resources */ = {isa = PBXBuildFile; fileRef = 3FBD43171952D2B50079731D /* Window Background.png */; };
		3FBD43221952D2B50079731D /* Window Background@2x.png in Resources */ = {isa = PBXBuildFile; fileRef = 3FBD43181952D2B50079731D /* Window Background@2x.png */; };
		3FBD43231952D2B50079731D /* MSDynamicsDrawerStyler.m in Sources */ = {isa = PBXBuildFile; fileRef = 3FBD431B1952D2B50079731D /* MSDynamicsDrawerStyler.m */; };
		3FBD43241952D2B50079731D /* MSDynamicsDrawerViewController.m in Sources */ = {isa = PBXBuildFile; fileRef = 3FBD431D1952D2B50079731D /* MSDynamicsDrawerViewController.m */; };
/* End PBXBuildFile section */

/* Begin PBXContainerItemProxy section */
		3FBD43001952D2520079731D /* PBXContainerItemProxy */ = {
			isa = PBXContainerItemProxy;
			containerPortal = 3FBD42EA1952D2520079731D /* Project object */;
			proxyType = 1;
			remoteGlobalIDString = 3FBD42F11952D2520079731D;
			remoteInfo = WeStep;
		};
/* End PBXContainerItemProxy section */

/* Begin PBXFileReference section */
		3FBD42F21952D2520079731D /* WeStep.app */ = {isa = PBXFileReference; explicitFileType = wrapper.application; includeInIndex = 0; path = WeStep.app; sourceTree = BUILT_PRODUCTS_DIR; };
		3FBD42F61952D2520079731D /* Info.plist */ = {isa = PBXFileReference; lastKnownFileType = text.plist.xml; path = Info.plist; sourceTree = "<group>"; };
		3FBD42F71952D2520079731D /* AppDelegate.swift */ = {isa = PBXFileReference; lastKnownFileType = sourcecode.swift; path = AppDelegate.swift; sourceTree = "<group>"; };
		3FBD42F91952D2520079731D /* Images.xcassets */ = {isa = PBXFileReference; lastKnownFileType = folder.assetcatalog; path = Images.xcassets; sourceTree = "<group>"; };
		3FBD42FF1952D2520079731D /* WeStepTests.xctest */ = {isa = PBXFileReference; explicitFileType = wrapper.cfbundle; includeInIndex = 0; path = WeStepTests.xctest; sourceTree = BUILT_PRODUCTS_DIR; };
		3FBD43041952D2520079731D /* Info.plist */ = {isa = PBXFileReference; lastKnownFileType = text.plist.xml; path = Info.plist; sourceTree = "<group>"; };
		3FBD43051952D2520079731D /* WeStepTests.swift */ = {isa = PBXFileReference; lastKnownFileType = sourcecode.swift; path = WeStepTests.swift; sourceTree = "<group>"; };
		3FBD430F1952D2660079731D /* WeStep-Bridging-Header.h */ = {isa = PBXFileReference; lastKnownFileType = sourcecode.c.h; path = "WeStep-Bridging-Header.h"; sourceTree = "<group>"; };
		3FBD43141952D2B50079731D /* icon@2x.png */ = {isa = PBXFileReference; lastKnownFileType = image.png; path = "icon@2x.png"; sourceTree = "<group>"; };
		3FBD43151952D2B50079731D /* Logo.png */ = {isa = PBXFileReference; lastKnownFileType = image.png; path = Logo.png; sourceTree = "<group>"; };
		3FBD43161952D2B50079731D /* Logo@2x.png */ = {isa = PBXFileReference; lastKnownFileType = image.png; path = "Logo@2x.png"; sourceTree = "<group>"; };
		3FBD43171952D2B50079731D /* Window Background.png */ = {isa = PBXFileReference; lastKnownFileType = image.png; path = "Window Background.png"; sourceTree = "<group>"; };
		3FBD43181952D2B50079731D /* Window Background@2x.png */ = {isa = PBXFileReference; lastKnownFileType = image.png; path = "Window Background@2x.png"; sourceTree = "<group>"; };
		3FBD431A1952D2B50079731D /* MSDynamicsDrawerStyler.h */ = {isa = PBXFileReference; fileEncoding = 4; lastKnownFileType = sourcecode.c.h; path = MSDynamicsDrawerStyler.h; sourceTree = "<group>"; };
		3FBD431B1952D2B50079731D /* MSDynamicsDrawerStyler.m */ = {isa = PBXFileReference; fileEncoding = 4; lastKnownFileType = sourcecode.c.objc; path = MSDynamicsDrawerStyler.m; sourceTree = "<group>"; };
		3FBD431C1952D2B50079731D /* MSDynamicsDrawerViewController.h */ = {isa = PBXFileReference; fileEncoding = 4; lastKnownFileType = sourcecode.c.h; path = MSDynamicsDrawerViewController.h; sourceTree = "<group>"; };
		3FBD431D1952D2B50079731D /* MSDynamicsDrawerViewController.m */ = {isa = PBXFileReference; fileEncoding = 4; lastKnownFileType = sourcecode.c.objc; path = MSDynamicsDrawerViewController.m; sourceTree = "<group>"; };
/* End PBXFileReference section */

/* Begin PBXFrameworksBuildPhase section */
		3FBD42EF1952D2520079731D /* Frameworks */ = {
			isa = PBXFrameworksBuildPhase;
			buildActionMask = 2147483647;
			files = (
			);
			runOnlyForDeploymentPostprocessing = 0;
		};
		3FBD42FC1952D2520079731D /* Frameworks */ = {
			isa = PBXFrameworksBuildPhase;
			buildActionMask = 2147483647;
			files = (
			);
			runOnlyForDeploymentPostprocessing = 0;
		};
/* End PBXFrameworksBuildPhase section */

/* Begin PBXGroup section */
		3FBD42E91952D2520079731D = {
			isa = PBXGroup;
			children = (
				3FBD42F41952D2520079731D /* WeStep */,
				3FBD43021952D2520079731D /* WeStepTests */,
				3FBD42F31952D2520079731D /* Products */,
			);
			sourceTree = "<group>";
		};
		3FBD42F31952D2520079731D /* Products */ = {
			isa = PBXGroup;
			children = (
				3FBD42F21952D2520079731D /* WeStep.app */,
				3FBD42FF1952D2520079731D /* WeStepTests.xctest */,
			);
			name = Products;
			sourceTree = "<group>";
		};
		3FBD42F41952D2520079731D /* WeStep */ = {
			isa = PBXGroup;
			children = (
				3FBD42F71952D2520079731D /* AppDelegate.swift */,
				3FBD42F91952D2520079731D /* Images.xcassets */,
				3FBD42F51952D2520079731D /* Supporting Files */,
				3FBD430F1952D2660079731D /* WeStep-Bridging-Header.h */,
			);
			path = WeStep;
			sourceTree = "<group>";
		};
		3FBD42F51952D2520079731D /* Supporting Files */ = {
			isa = PBXGroup;
			children = (
				3FBD43131952D2B50079731D /* Images */,
				3FBD43191952D2B50079731D /* MSDynamicsDrawerViewController */,
				3FBD42F61952D2520079731D /* Info.plist */,
			);
			name = "Supporting Files";
			sourceTree = "<group>";
		};
		3FBD43021952D2520079731D /* WeStepTests */ = {
			isa = PBXGroup;
			children = (
				3FBD43051952D2520079731D /* WeStepTests.swift */,
				3FBD43031952D2520079731D /* Supporting Files */,
			);
			path = WeStepTests;
			sourceTree = "<group>";
		};
		3FBD43031952D2520079731D /* Supporting Files */ = {
			isa = PBXGroup;
			children = (
				3FBD43041952D2520079731D /* Info.plist */,
			);
			name = "Supporting Files";
			sourceTree = "<group>";
		};
		3FBD43131952D2B50079731D /* Images */ = {
			isa = PBXGroup;
			children = (
				3FBD43141952D2B50079731D /* icon@2x.png */,
				3FBD43151952D2B50079731D /* Logo.png */,
				3FBD43161952D2B50079731D /* Logo@2x.png */,
				3FBD43171952D2B50079731D /* Window Background.png */,
				3FBD43181952D2B50079731D /* Window Background@2x.png */,
			);
			path = Images;
			sourceTree = "<group>";
		};
		3FBD43191952D2B50079731D /* MSDynamicsDrawerViewController */ = {
			isa = PBXGroup;
			children = (
				3FBD431A1952D2B50079731D /* MSDynamicsDrawerStyler.h */,
				3FBD431B1952D2B50079731D /* MSDynamicsDrawerStyler.m */,
				3FBD431C1952D2B50079731D /* MSDynamicsDrawerViewController.h */,
				3FBD431D1952D2B50079731D /* MSDynamicsDrawerViewController.m */,
			);
			path = MSDynamicsDrawerViewController;
			sourceTree = "<group>";
		};
/* End PBXGroup section */

/* Begin PBXNativeTarget section */
		3FBD42F11952D2520079731D /* WeStep */ = {
			isa = PBXNativeTarget;
			buildConfigurationList = 3FBD43091952D2520079731D /* Build configuration list for PBXNativeTarget "WeStep" */;
			buildPhases = (
				3FBD42EE1952D2520079731D /* Sources */,
				3FBD42EF1952D2520079731D /* Frameworks */,
				3FBD42F01952D2520079731D /* Resources */,
			);
			buildRules = (
			);
			dependencies = (
			);
			name = WeStep;
			productName = WeStep;
			productReference = 3FBD42F21952D2520079731D /* WeStep.app */;
			productType = "com.apple.product-type.application";
		};
		3FBD42FE1952D2520079731D /* WeStepTests */ = {
			isa = PBXNativeTarget;
			buildConfigurationList = 3FBD430C1952D2520079731D /* Build configuration list for PBXNativeTarget "WeStepTests" */;
			buildPhases = (
				3FBD42FB1952D2520079731D /* Sources */,
				3FBD42FC1952D2520079731D /* Frameworks */,
				3FBD42FD1952D2520079731D /* Resources */,
			);
			buildRules = (
			);
			dependencies = (
				3FBD43011952D2520079731D /* PBXTargetDependency */,
			);
			name = WeStepTests;
			productName = WeStepTests;
			productReference = 3FBD42FF1952D2520079731D /* WeStepTests.xctest */;
			productType = "com.apple.product-type.bundle.unit-test";
		};
/* End PBXNativeTarget section */

/* Begin PBXProject section */
		3FBD42EA1952D2520079731D /* Project object */ = {
			isa = PBXProject;
			attributes = {
				LastUpgradeCheck = 0600;
				ORGANIZATIONNAME = "哈尔滨工程大学 技术研究部";
				TargetAttributes = {
					3FBD42F11952D2520079731D = {
						CreatedOnToolsVersion = 6.0;
					};
					3FBD42FE1952D2520079731D = {
						CreatedOnToolsVersion = 6.0;
						TestTargetID = 3FBD42F11952D2520079731D;
					};
				};
			};
			buildConfigurationList = 3FBD42ED1952D2520079731D /* Build configuration list for PBXProject "WeStep" */;
			compatibilityVersion = "Xcode 3.2";
			developmentRegion = English;
			hasScannedForEncodings = 0;
			knownRegions = (
				en,
			);
			mainGroup = 3FBD42E91952D2520079731D;
			productRefGroup = 3FBD42F31952D2520079731D /* Products */;
			projectDirPath = "";
			projectRoot = "";
			targets = (
				3FBD42F11952D2520079731D /* WeStep */,
				3FBD42FE1952D2520079731D /* WeStepTests */,
			);
		};
/* End PBXProject section */

/* Begin PBXResourcesBuildPhase section */
		3FBD42F01952D2520079731D /* Resources */ = {
			isa = PBXResourcesBuildPhase;
			buildActionMask = 2147483647;
			files = (
				3FBD431F1952D2B50079731D /* Logo.png in Resources */,
				3FBD43211952D2B50079731D /* Window Background.png in Resources */,
				3FBD43201952D2B50079731D /* Logo@2x.png in Resources */,
				3FBD42FA1952D2520079731D /* Images.xcassets in Resources */,
				3FBD431E1952D2B50079731D /* icon@2x.png in Resources */,
				3FBD43221952D2B50079731D /* Window Background@2x.png in Resources */,
			);
			runOnlyForDeploymentPostprocessing = 0;
		};
		3FBD42FD1952D2520079731D /* Resources */ = {
			isa = PBXResourcesBuildPhase;
			buildActionMask = 2147483647;
			files = (
			);
			runOnlyForDeploymentPostprocessing = 0;
		};
/* End PBXResourcesBuildPhase section */

/* Begin PBXSourcesBuildPhase section */
		3FBD42EE1952D2520079731D /* Sources */ = {
			isa = PBXSourcesBuildPhase;
			buildActionMask = 2147483647;
			files = (
				3FBD42F81952D2520079731D /* AppDelegate.swift in Sources */,
				3FBD43241952D2B50079731D /* MSDynamicsDrawerViewController.m in Sources */,
				3FBD43231952D2B50079731D /* MSDynamicsDrawerStyler.m in Sources */,
			);
			runOnlyForDeploymentPostprocessing = 0;
		};
		3FBD42FB1952D2520079731D /* Sources */ = {
			isa = PBXSourcesBuildPhase;
			buildActionMask = 2147483647;
			files = (
				3FBD43061952D2520079731D /* WeStepTests.swift in Sources */,
			);
			runOnlyForDeploymentPostprocessing = 0;
		};
/* End PBXSourcesBuildPhase section */

/* Begin PBXTargetDependency section */
		3FBD43011952D2520079731D /* PBXTargetDependency */ = {
			isa = PBXTargetDependency;
			target = 3FBD42F11952D2520079731D /* WeStep */;
			targetProxy = 3FBD43001952D2520079731D /* PBXContainerItemProxy */;
		};
/* End PBXTargetDependency section */

/* Begin XCBuildConfiguration section */
		3FBD43071952D2520079731D /* Debug */ = {
			isa = XCBuildConfiguration;
			buildSettings = {
				ALWAYS_SEARCH_USER_PATHS = NO;
				CLANG_CXX_LANGUAGE_STANDARD = "gnu++0x";
				CLANG_CXX_LIBRARY = "libc++";
				CLANG_ENABLE_MODULES = YES;
				CLANG_ENABLE_OBJC_ARC = YES;
				CLANG_WARN_BOOL_CONVERSION = YES;
				CLANG_WARN_CONSTANT_CONVERSION = YES;
				CLANG_WARN_DIRECT_OBJC_ISA_USAGE = YES_ERROR;
				CLANG_WARN_EMPTY_BODY = YES;
				CLANG_WARN_ENUM_CONVERSION = YES;
				CLANG_WARN_INT_CONVERSION = YES;
				CLANG_WARN_OBJC_ROOT_CLASS = YES_ERROR;
				CLANG_WARN_UNREACHABLE_CODE = YES;
				CLANG_WARN__DUPLICATE_METHOD_MATCH = YES;
				"CODE_SIGN_IDENTITY[sdk=iphoneos*]" = "iPhone Developer";
				COPY_PHASE_STRIP = NO;
				ENABLE_STRICT_OBJC_MSGSEND = YES;
				GCC_C_LANGUAGE_STANDARD = gnu99;
				GCC_DYNAMIC_NO_PIC = NO;
				GCC_OPTIMIZATION_LEVEL = 0;
				GCC_PREPROCESSOR_DEFINITIONS = (
					"DEBUG=1",
					"$(inherited)",
				);
				GCC_SYMBOLS_PRIVATE_EXTERN = NO;
				GCC_WARN_64_TO_32_BIT_CONVERSION = YES;
				GCC_WARN_ABOUT_RETURN_TYPE = YES_ERROR;
				GCC_WARN_UNDECLARED_SELECTOR = YES;
				GCC_WARN_UNINITIALIZED_AUTOS = YES_AGGRESSIVE;
				GCC_WARN_UNUSED_FUNCTION = YES;
				GCC_WARN_UNUSED_VARIABLE = YES;
				IPHONEOS_DEPLOYMENT_TARGET = 7.1;
				METAL_ENABLE_DEBUG_INFO = YES;
				ONLY_ACTIVE_ARCH = YES;
				SDKROOT = iphoneos;
				SWIFT_OPTIMIZATION_LEVEL = "-Onone";
			};
			name = Debug;
		};
		3FBD43081952D2520079731D /* Release */ = {
			isa = XCBuildConfiguration;
			buildSettings = {
				ALWAYS_SEARCH_USER_PATHS = NO;
				CLANG_CXX_LANGUAGE_STANDARD = "gnu++0x";
				CLANG_CXX_LIBRARY = "libc++";
				CLANG_ENABLE_MODULES = YES;
				CLANG_ENABLE_OBJC_ARC = YES;
				CLANG_WARN_BOOL_CONVERSION = YES;
				CLANG_WARN_CONSTANT_CONVERSION = YES;
				CLANG_WARN_DIRECT_OBJC_ISA_USAGE = YES_ERROR;
				CLANG_WARN_EMPTY_BODY = YES;
				CLANG_WARN_ENUM_CONVERSION = YES;
				CLANG_WARN_INT_CONVERSION = YES;
				CLANG_WARN_OBJC_ROOT_CLASS = YES_ERROR;
				CLANG_WARN_UNREACHABLE_CODE = YES;
				CLANG_WARN__DUPLICATE_METHOD_MATCH = YES;
				"CODE_SIGN_IDENTITY[sdk=iphoneos*]" = "iPhone Developer";
				COPY_PHASE_STRIP = YES;
				ENABLE_NS_ASSERTIONS = NO;
				ENABLE_STRICT_OBJC_MSGSEND = YES;
				GCC_C_LANGUAGE_STANDARD = gnu99;
				GCC_WARN_64_TO_32_BIT_CONVERSION = YES;
				GCC_WARN_ABOUT_RETURN_TYPE = YES_ERROR;
				GCC_WARN_UNDECLARED_SELECTOR = YES;
				GCC_WARN_UNINITIALIZED_AUTOS = YES_AGGRESSIVE;
				GCC_WARN_UNUSED_FUNCTION = YES;
				GCC_WARN_UNUSED_VARIABLE = YES;
				IPHONEOS_DEPLOYMENT_TARGET = 7.1;
				METAL_ENABLE_DEBUG_INFO = NO;
				SDKROOT = iphoneos;
				VALIDATE_PRODUCT = YES;
			};
			name = Release;
		};
		3FBD430A1952D2520079731D /* Debug */ = {
			isa = XCBuildConfiguration;
			buildSettings = {
				ASSETCATALOG_COMPILER_APPICON_NAME = AppIcon;
				ASSETCATALOG_COMPILER_LAUNCHIMAGE_NAME = LaunchImage;
				CLANG_ENABLE_MODULES = YES;
				DEFINES_MODULE = YES;
				INFOPLIST_FILE = WeStep/Info.plist;
				IPHONEOS_DEPLOYMENT_TARGET = 7.1;
				LD_RUNPATH_SEARCH_PATHS = "$(inherited) @executable_path/Frameworks";
				PRODUCT_NAME = "$(TARGET_NAME)";
				SWIFT_OBJC_BRIDGING_HEADER = "WeStep/WeStep-Bridging-Header.h";
				SWIFT_OPTIMIZATION_LEVEL = "-Onone";
			};
			name = Debug;
		};
		3FBD430B1952D2520079731D /* Release */ = {
			isa = XCBuildConfiguration;
			buildSettings = {
				ASSETCATALOG_COMPILER_APPICON_NAME = AppIcon;
				ASSETCATALOG_COMPILER_LAUNCHIMAGE_NAME = LaunchImage;
				CLANG_ENABLE_MODULES = YES;
				DEFINES_MODULE = YES;
				INFOPLIST_FILE = WeStep/Info.plist;
				IPHONEOS_DEPLOYMENT_TARGET = 7.1;
				LD_RUNPATH_SEARCH_PATHS = "$(inherited) @executable_path/Frameworks";
				PRODUCT_NAME = "$(TARGET_NAME)";
				SWIFT_OBJC_BRIDGING_HEADER = "WeStep/WeStep-Bridging-Header.h";
			};
			name = Release;
		};
		3FBD430D1952D2520079731D /* Debug */ = {
			isa = XCBuildConfiguration;
			buildSettings = {
				BUNDLE_LOADER = "$(BUILT_PRODUCTS_DIR)/WeStep.app/WeStep";
				FRAMEWORK_SEARCH_PATHS = (
					"$(SDKROOT)/Developer/Library/Frameworks",
					"$(inherited)",
				);
				GCC_PREPROCESSOR_DEFINITIONS = (
					"DEBUG=1",
					"$(inherited)",
				);
				INFOPLIST_FILE = WeStepTests/Info.plist;
				LD_RUNPATH_SEARCH_PATHS = "$(inherited) @executable_path/Frameworks @loader_path/Frameworks";
				METAL_ENABLE_DEBUG_INFO = YES;
				PRODUCT_NAME = "$(TARGET_NAME)";
				TEST_HOST = "$(BUNDLE_LOADER)";
			};
			name = Debug;
		};
		3FBD430E1952D2520079731D /* Release */ = {
			isa = XCBuildConfiguration;
			buildSettings = {
				BUNDLE_LOADER = "$(BUILT_PRODUCTS_DIR)/WeStep.app/WeStep";
				FRAMEWORK_SEARCH_PATHS = (
					"$(SDKROOT)/Developer/Library/Frameworks",
					"$(inherited)",
				);
				INFOPLIST_FILE = WeStepTests/Info.plist;
				LD_RUNPATH_SEARCH_PATHS = "$(inherited) @executable_path/Frameworks @loader_path/Frameworks";
				METAL_ENABLE_DEBUG_INFO = NO;
				PRODUCT_NAME = "$(TARGET_NAME)";
				TEST_HOST = "$(BUNDLE_LOADER)";
			};
			name = Release;
		};
/* End XCBuildConfiguration section */

/* Begin XCConfigurationList section */
		3FBD42ED1952D2520079731D /* Build configuration list for PBXProject "WeStep" */ = {
			isa = XCConfigurationList;
			buildConfigurations = (
				3FBD43071952D2520079731D /* Debug */,
				3FBD43081952D2520079731D /* Release */,
			);
			defaultConfigurationIsVisible = 0;
			defaultConfigurationName = Release;
		};
		3FBD43091952D2520079731D /* Build configuration list for PBXNativeTarget "WeStep" */ = {
			isa = XCConfigurationList;
			buildConfigurations = (
				3FBD430A1952D2520079731D /* Debug */,
				3FBD430B1952D2520079731D /* Release */,
			);
			defaultConfigurationIsVisible = 0;
		};
		3FBD430C1952D2520079731D /* Build configuration list for PBXNativeTarget "WeStepTests" */ = {
			isa = XCConfigurationList;
			buildConfigurations = (
				3FBD430D1952D2520079731D /* Debug */,
				3FBD430E1952D2520079731D /* Release */,
			);
			defaultConfigurationIsVisible = 0;
		};
/* End XCConfigurationList section */
	};
	rootObject = 3FBD42EA1952D2520079731D /* Project object */;
}
